// !$*UTF8*$!
{
	archiveVersion = 1;
	classes = {
	};
	objectVersion = 55;
	objects = {

/* Begin PBXBuildFile section */
		FA70E46A281FD5FB0036587A /* PicturePipette.xcdatamodeld in Sources */ = {isa = PBXBuildFile; fileRef = FA70E457281FD5FA0036587A /* PicturePipette.xcdatamodeld */; };
		FA70E46B281FD5FB0036587A /* PicturePipette.xcdatamodeld in Sources */ = {isa = PBXBuildFile; fileRef = FA70E457281FD5FA0036587A /* PicturePipette.xcdatamodeld */; };
		FA70E46C281FD5FB0036587A /* PicturePipetteApp.swift in Sources */ = {isa = PBXBuildFile; fileRef = FA70E459281FD5FA0036587A /* PicturePipetteApp.swift */; };
		FA70E46D281FD5FB0036587A /* PicturePipetteApp.swift in Sources */ = {isa = PBXBuildFile; fileRef = FA70E459281FD5FA0036587A /* PicturePipetteApp.swift */; };
		FA70E470281FD5FB0036587A /* Persistence.swift in Sources */ = {isa = PBXBuildFile; fileRef = FA70E45B281FD5FA0036587A /* Persistence.swift */; };
		FA70E471281FD5FB0036587A /* Persistence.swift in Sources */ = {isa = PBXBuildFile; fileRef = FA70E45B281FD5FA0036587A /* Persistence.swift */; };
		FA70E472281FD5FB0036587A /* Assets.xcassets in Resources */ = {isa = PBXBuildFile; fileRef = FA70E45C281FD5FB0036587A /* Assets.xcassets */; };
		FA70E473281FD5FB0036587A /* Assets.xcassets in Resources */ = {isa = PBXBuildFile; fileRef = FA70E45C281FD5FB0036587A /* Assets.xcassets */; };
		FA70E47E281FD9570036587A /* MainView.swift in Sources */ = {isa = PBXBuildFile; fileRef = FA70E47D281FD9570036587A /* MainView.swift */; };
		FA70E47F281FD9570036587A /* MainView.swift in Sources */ = {isa = PBXBuildFile; fileRef = FA70E47D281FD9570036587A /* MainView.swift */; };
		FA70E484281FE4750036587A /* ImagePicker.swift in Sources */ = {isa = PBXBuildFile; fileRef = FA70E483281FE4750036587A /* ImagePicker.swift */; };
		FA70E485281FE4750036587A /* ImagePicker.swift in Sources */ = {isa = PBXBuildFile; fileRef = FA70E483281FE4750036587A /* ImagePicker.swift */; };
/* End PBXBuildFile section */

/* Begin PBXFileReference section */
		FA70E458281FD5FA0036587A /* Shared.xcdatamodel */ = {isa = PBXFileReference; lastKnownFileType = wrapper.xcdatamodel; path = Shared.xcdatamodel; sourceTree = "<group>"; };
		FA70E459281FD5FA0036587A /* PicturePipetteApp.swift */ = {isa = PBXFileReference; lastKnownFileType = sourcecode.swift; path = PicturePipetteApp.swift; sourceTree = "<group>"; };
		FA70E45B281FD5FA0036587A /* Persistence.swift */ = {isa = PBXFileReference; lastKnownFileType = sourcecode.swift; path = Persistence.swift; sourceTree = "<group>"; };
		FA70E45C281FD5FB0036587A /* Assets.xcassets */ = {isa = PBXFileReference; lastKnownFileType = folder.assetcatalog; path = Assets.xcassets; sourceTree = "<group>"; };
		FA70E461281FD5FB0036587A /* PicturePipette.app */ = {isa = PBXFileReference; explicitFileType = wrapper.application; includeInIndex = 0; path = PicturePipette.app; sourceTree = BUILT_PRODUCTS_DIR; };
		FA70E467281FD5FB0036587A /* PicturePipette.app */ = {isa = PBXFileReference; explicitFileType = wrapper.application; includeInIndex = 0; path = PicturePipette.app; sourceTree = BUILT_PRODUCTS_DIR; };
		FA70E469281FD5FB0036587A /* macOS.entitlements */ = {isa = PBXFileReference; lastKnownFileType = text.plist.entitlements; path = macOS.entitlements; sourceTree = "<group>"; };
		FA70E47D281FD9570036587A /* MainView.swift */ = {isa = PBXFileReference; lastKnownFileType = sourcecode.swift; path = MainView.swift; sourceTree = "<group>"; };
		FA70E483281FE4750036587A /* ImagePicker.swift */ = {isa = PBXFileReference; lastKnownFileType = sourcecode.swift; path = ImagePicker.swift; sourceTree = "<group>"; };
/* End PBXFileReference section */

/* Begin PBXFrameworksBuildPhase section */
		FA70E45E281FD5FB0036587A /* Frameworks */ = {
			isa = PBXFrameworksBuildPhase;
			buildActionMask = 2147483647;
			files = (
			);
			runOnlyForDeploymentPostprocessing = 0;
		};
		FA70E464281FD5FB0036587A /* Frameworks */ = {
			isa = PBXFrameworksBuildPhase;
			buildActionMask = 2147483647;
			files = (
			);
			runOnlyForDeploymentPostprocessing = 0;
		};
/* End PBXFrameworksBuildPhase section */

/* Begin PBXGroup section */
		FA70E451281FD5FA0036587A = {
			isa = PBXGroup;
			children = (
				FA70E456281FD5FA0036587A /* Shared */,
				FA70E468281FD5FB0036587A /* macOS */,
				FA70E462281FD5FB0036587A /* Products */,
			);
			sourceTree = "<group>";
		};
		FA70E456281FD5FA0036587A /* Shared */ = {
			isa = PBXGroup;
			children = (
				FA70E47C281FD9310036587A /* View */,
				FA70E459281FD5FA0036587A /* PicturePipetteApp.swift */,
				FA70E45B281FD5FA0036587A /* Persistence.swift */,
				FA70E45C281FD5FB0036587A /* Assets.xcassets */,
				FA70E457281FD5FA0036587A /* PicturePipette.xcdatamodeld */,
			);
			path = Shared;
			sourceTree = "<group>";
		};
		FA70E462281FD5FB0036587A /* Products */ = {
			isa = PBXGroup;
			children = (
				FA70E461281FD5FB0036587A /* PicturePipette.app */,
				FA70E467281FD5FB0036587A /* PicturePipette.app */,
			);
			name = Products;
			sourceTree = "<group>";
		};
		FA70E468281FD5FB0036587A /* macOS */ = {
			isa = PBXGroup;
			children = (
				FA70E469281FD5FB0036587A /* macOS.entitlements */,
			);
			path = macOS;
			sourceTree = "<group>";
		};
		FA70E47C281FD9310036587A /* View */ = {
			isa = PBXGroup;
			children = (
				FA70E47D281FD9570036587A /* MainView.swift */,
				FA70E483281FE4750036587A /* ImagePicker.swift */,
			);
			path = View;
			sourceTree = "<group>";
		};
/* End PBXGroup section */

/* Begin PBXNativeTarget section */
		FA70E460281FD5FB0036587A /* PicturePipette (iOS) */ = {
			isa = PBXNativeTarget;
			buildConfigurationList = FA70E476281FD5FB0036587A /* Build configuration list for PBXNativeTarget "PicturePipette (iOS)" */;
			buildPhases = (
				FA70E45D281FD5FB0036587A /* Sources */,
				FA70E45E281FD5FB0036587A /* Frameworks */,
				FA70E45F281FD5FB0036587A /* Resources */,
			);
			buildRules = (
			);
			dependencies = (
			);
			name = "PicturePipette (iOS)";
			productName = "PicturePipette (iOS)";
			productReference = FA70E461281FD5FB0036587A /* PicturePipette.app */;
			productType = "com.apple.product-type.application";
		};
		FA70E466281FD5FB0036587A /* PicturePipette (macOS) */ = {
			isa = PBXNativeTarget;
			buildConfigurationList = FA70E479281FD5FB0036587A /* Build configuration list for PBXNativeTarget "PicturePipette (macOS)" */;
			buildPhases = (
				FA70E463281FD5FB0036587A /* Sources */,
				FA70E464281FD5FB0036587A /* Frameworks */,
				FA70E465281FD5FB0036587A /* Resources */,
			);
			buildRules = (
			);
			dependencies = (
			);
			name = "PicturePipette (macOS)";
			productName = "PicturePipette (macOS)";
			productReference = FA70E467281FD5FB0036587A /* PicturePipette.app */;
			productType = "com.apple.product-type.application";
		};
/* End PBXNativeTarget section */

/* Begin PBXProject section */
		FA70E452281FD5FA0036587A /* Project object */ = {
			isa = PBXProject;
			attributes = {
				BuildIndependentTargetsInParallel = 1;
				LastSwiftUpdateCheck = 1330;
				LastUpgradeCheck = 1330;
				TargetAttributes = {
					FA70E460281FD5FB0036587A = {
						CreatedOnToolsVersion = 13.3.1;
					};
					FA70E466281FD5FB0036587A = {
						CreatedOnToolsVersion = 13.3.1;
					};
				};
			};
			buildConfigurationList = FA70E455281FD5FA0036587A /* Build configuration list for PBXProject "PicturePipette" */;
			compatibilityVersion = "Xcode 13.0";
			developmentRegion = en;
			hasScannedForEncodings = 0;
			knownRegions = (
				en,
				Base,
			);
			mainGroup = FA70E451281FD5FA0036587A;
			productRefGroup = FA70E462281FD5FB0036587A /* Products */;
			projectDirPath = "";
			projectRoot = "";
			targets = (
				FA70E460281FD5FB0036587A /* PicturePipette (iOS) */,
				FA70E466281FD5FB0036587A /* PicturePipette (macOS) */,
			);
		};
/* End PBXProject section */

/* Begin PBXResourcesBuildPhase section */
		FA70E45F281FD5FB0036587A /* Resources */ = {
			isa = PBXResourcesBuildPhase;
			buildActionMask = 2147483647;
			files = (
				FA70E472281FD5FB0036587A /* Assets.xcassets in Resources */,
			);
			runOnlyForDeploymentPostprocessing = 0;
		};
		FA70E465281FD5FB0036587A /* Resources */ = {
			isa = PBXResourcesBuildPhase;
			buildActionMask = 2147483647;
			files = (
				FA70E473281FD5FB0036587A /* Assets.xcassets in Resources */,
			);
			runOnlyForDeploymentPostprocessing = 0;
		};
/* End PBXResourcesBuildPhase section */

/* Begin PBXSourcesBuildPhase section */
		FA70E45D281FD5FB0036587A /* Sources */ = {
			isa = PBXSourcesBuildPhase;
			buildActionMask = 2147483647;
			files = (
				FA70E46C281FD5FB0036587A /* PicturePipetteApp.swift in Sources */,
				FA70E47E281FD9570036587A /* MainView.swift in Sources */,
				FA70E484281FE4750036587A /* ImagePicker.swift in Sources */,
				FA70E470281FD5FB0036587A /* Persistence.swift in Sources */,
				FA70E46A281FD5FB0036587A /* PicturePipette.xcdatamodeld in Sources */,
			);
			runOnlyForDeploymentPostprocessing = 0;
		};
		FA70E463281FD5FB0036587A /* Sources */ = {
			isa = PBXSourcesBuildPhase;
			buildActionMask = 2147483647;
			files = (
				FA70E46D281FD5FB0036587A /* PicturePipetteApp.swift in Sources */,
				FA70E47F281FD9570036587A /* MainView.swift in Sources */,
				FA70E485281FE4750036587A /* ImagePicker.swift in Sources */,
				FA70E471281FD5FB0036587A /* Persistence.swift in Sources */,
				FA70E46B281FD5FB0036587A /* PicturePipette.xcdatamodeld in Sources */,
			);
			runOnlyForDeploymentPostprocessing = 0;
		};
/* End PBXSourcesBuildPhase section */

/* Begin XCBuildConfiguration section */
		FA70E474281FD5FB0036587A /* Debug */ = {
			isa = XCBuildConfiguration;
			buildSettings = {
				ALWAYS_SEARCH_USER_PATHS = NO;
				CLANG_ANALYZER_NONNULL = YES;
				CLANG_ANALYZER_NUMBER_OBJECT_CONVERSION = YES_AGGRESSIVE;
				CLANG_CXX_LANGUAGE_STANDARD = "gnu++17";
				CLANG_ENABLE_MODULES = YES;
				CLANG_ENABLE_OBJC_ARC = YES;
				CLANG_ENABLE_OBJC_WEAK = YES;
				CLANG_WARN_BLOCK_CAPTURE_AUTORELEASING = YES;
				CLANG_WARN_BOOL_CONVERSION = YES;
				CLANG_WARN_COMMA = YES;
				CLANG_WARN_CONSTANT_CONVERSION = YES;
				CLANG_WARN_DEPRECATED_OBJC_IMPLEMENTATIONS = YES;
				CLANG_WARN_DIRECT_OBJC_ISA_USAGE = YES_ERROR;
				CLANG_WARN_DOCUMENTATION_COMMENTS = YES;
				CLANG_WARN_EMPTY_BODY = YES;
				CLANG_WARN_ENUM_CONVERSION = YES;
				CLANG_WARN_INFINITE_RECURSION = YES;
				CLANG_WARN_INT_CONVERSION = YES;
				CLANG_WARN_NON_LITERAL_NULL_CONVERSION = YES;
				CLANG_WARN_OBJC_IMPLICIT_RETAIN_SELF = YES;
				CLANG_WARN_OBJC_LITERAL_CONVERSION = YES;
				CLANG_WARN_OBJC_ROOT_CLASS = YES_ERROR;
				CLANG_WARN_QUOTED_INCLUDE_IN_FRAMEWORK_HEADER = YES;
				CLANG_WARN_RANGE_LOOP_ANALYSIS = YES;
				CLANG_WARN_STRICT_PROTOTYPES = YES;
				CLANG_WARN_SUSPICIOUS_MOVE = YES;
				CLANG_WARN_UNGUARDED_AVAILABILITY = YES_AGGRESSIVE;
				CLANG_WARN_UNREACHABLE_CODE = YES;
				CLANG_WARN__DUPLICATE_METHOD_MATCH = YES;
				COPY_PHASE_STRIP = NO;
				DEBUG_INFORMATION_FORMAT = dwarf;
				ENABLE_STRICT_OBJC_MSGSEND = YES;
				ENABLE_TESTABILITY = YES;
				GCC_C_LANGUAGE_STANDARD = gnu11;
				GCC_DYNAMIC_NO_PIC = NO;
				GCC_NO_COMMON_BLOCKS = YES;
				GCC_OPTIMIZATION_LEVEL = 0;
				GCC_PREPROCESSOR_DEFINITIONS = (
					"DEBUG=1",
					"$(inherited)",
				);
				GCC_WARN_64_TO_32_BIT_CONVERSION = YES;
				GCC_WARN_ABOUT_RETURN_TYPE = YES_ERROR;
				GCC_WARN_UNDECLARED_SELECTOR = YES;
				GCC_WARN_UNINITIALIZED_AUTOS = YES_AGGRESSIVE;
				GCC_WARN_UNUSED_FUNCTION = YES;
				GCC_WARN_UNUSED_VARIABLE = YES;
				MTL_ENABLE_DEBUG_INFO = INCLUDE_SOURCE;
				MTL_FAST_MATH = YES;
				ONLY_ACTIVE_ARCH = YES;
				SWIFT_ACTIVE_COMPILATION_CONDITIONS = DEBUG;
				SWIFT_OPTIMIZATION_LEVEL = "-Onone";
			};
			name = Debug;
		};
		FA70E475281FD5FB0036587A /* Release */ = {
			isa = XCBuildConfiguration;
			buildSettings = {
				ALWAYS_SEARCH_USER_PATHS = NO;
				CLANG_ANALYZER_NONNULL = YES;
				CLANG_ANALYZER_NUMBER_OBJECT_CONVERSION = YES_AGGRESSIVE;
				CLANG_CXX_LANGUAGE_STANDARD = "gnu++17";
				CLANG_ENABLE_MODULES = YES;
				CLANG_ENABLE_OBJC_ARC = YES;
				CLANG_ENABLE_OBJC_WEAK = YES;
				CLANG_WARN_BLOCK_CAPTURE_AUTORELEASING = YES;
				CLANG_WARN_BOOL_CONVERSION = YES;
				CLANG_WARN_COMMA = YES;
				CLANG_WARN_CONSTANT_CONVERSION = YES;
				CLANG_WARN_DEPRECATED_OBJC_IMPLEMENTATIONS = YES;
				CLANG_WARN_DIRECT_OBJC_ISA_USAGE = YES_ERROR;
				CLANG_WARN_DOCUMENTATION_COMMENTS = YES;
				CLANG_WARN_EMPTY_BODY = YES;
				CLANG_WARN_ENUM_CONVERSION = YES;
				CLANG_WARN_INFINITE_RECURSION = YES;
				CLANG_WARN_INT_CONVERSION = YES;
				CLANG_WARN_NON_LITERAL_NULL_CONVERSION = YES;
				CLANG_WARN_OBJC_IMPLICIT_RETAIN_SELF = YES;
				CLANG_WARN_OBJC_LITERAL_CONVERSION = YES;
				CLANG_WARN_OBJC_ROOT_CLASS = YES_ERROR;
				CLANG_WARN_QUOTED_INCLUDE_IN_FRAMEWORK_HEADER = YES;
				CLANG_WARN_RANGE_LOOP_ANALYSIS = YES;
				CLANG_WARN_STRICT_PROTOTYPES = YES;
				CLANG_WARN_SUSPICIOUS_MOVE = YES;
				CLANG_WARN_UNGUARDED_AVAILABILITY = YES_AGGRESSIVE;
				CLANG_WARN_UNREACHABLE_CODE = YES;
				CLANG_WARN__DUPLICATE_METHOD_MATCH = YES;
				COPY_PHASE_STRIP = NO;
				DEBUG_INFORMATION_FORMAT = "dwarf-with-dsym";
				ENABLE_NS_ASSERTIONS = NO;
				ENABLE_STRICT_OBJC_MSGSEND = YES;
				GCC_C_LANGUAGE_STANDARD = gnu11;
				GCC_NO_COMMON_BLOCKS = YES;
				GCC_WARN_64_TO_32_BIT_CONVERSION = YES;
				GCC_WARN_ABOUT_RETURN_TYPE = YES_ERROR;
				GCC_WARN_UNDECLARED_SELECTOR = YES;
				GCC_WARN_UNINITIALIZED_AUTOS = YES_AGGRESSIVE;
				GCC_WARN_UNUSED_FUNCTION = YES;
				GCC_WARN_UNUSED_VARIABLE = YES;
				MTL_ENABLE_DEBUG_INFO = NO;
				MTL_FAST_MATH = YES;
				SWIFT_COMPILATION_MODE = wholemodule;
				SWIFT_OPTIMIZATION_LEVEL = "-O";
			};
			name = Release;
		};
		FA70E477281FD5FB0036587A /* Debug */ = {
			isa = XCBuildConfiguration;
			buildSettings = {
				ASSETCATALOG_COMPILER_APPICON_NAME = AppIcon;
				ASSETCATALOG_COMPILER_GLOBAL_ACCENT_COLOR_NAME = AccentColor;
				CODE_SIGN_STYLE = Automatic;
				CURRENT_PROJECT_VERSION = 1;
				ENABLE_PREVIEWS = YES;
				GENERATE_INFOPLIST_FILE = YES;
				INFOPLIST_KEY_UIApplicationSceneManifest_Generation = YES;
				INFOPLIST_KEY_UIApplicationSupportsIndirectInputEvents = YES;
				INFOPLIST_KEY_UILaunchScreen_Generation = YES;
				INFOPLIST_KEY_UISupportedInterfaceOrientations_iPad = "UIInterfaceOrientationPortrait UIInterfaceOrientationPortraitUpsideDown UIInterfaceOrientationLandscapeLeft UIInterfaceOrientationLandscapeRight";
				INFOPLIST_KEY_UISupportedInterfaceOrientations_iPhone = "UIInterfaceOrientationPortrait UIInterfaceOrientationLandscapeLeft UIInterfaceOrientationLandscapeRight";
				IPHONEOS_DEPLOYMENT_TARGET = 15.4;
				LD_RUNPATH_SEARCH_PATHS = (
					"$(inherited)",
					"@executable_path/Frameworks",
				);
				MARKETING_VERSION = 1.0;
				PRODUCT_BUNDLE_IDENTIFIER = com.hyunwoo.PicturePipette;
				PRODUCT_NAME = PicturePipette;
				SDKROOT = iphoneos;
				SWIFT_EMIT_LOC_STRINGS = YES;
				SWIFT_VERSION = 5.0;
				TARGETED_DEVICE_FAMILY = "1,2";
			};
			name = Debug;
		};
		FA70E478281FD5FB0036587A /* Release */ = {
			isa = XCBuildConfiguration;
			buildSettings = {
				ASSETCATALOG_COMPILER_APPICON_NAME = AppIcon;
				ASSETCATALOG_COMPILER_GLOBAL_ACCENT_COLOR_NAME = AccentColor;
				CODE_SIGN_STYLE = Automatic;
				CURRENT_PROJECT_VERSION = 1;
				ENABLE_PREVIEWS = YES;
				GENERATE_INFOPLIST_FILE = YES;
				INFOPLIST_KEY_UIApplicationSceneManifest_Generation = YES;
				INFOPLIST_KEY_UIApplicationSupportsIndirectInputEvents = YES;
				INFOPLIST_KEY_UILaunchScreen_Generation = YES;
				INFOPLIST_KEY_UISupportedInterfaceOrientations_iPad = "UIInterfaceOrientationPortrait UIInterfaceOrientationPortraitUpsideDown UIInterfaceOrientationLandscapeLeft UIInterfaceOrientationLandscapeRight";
				INFOPLIST_KEY_UISupportedInterfaceOrientations_iPhone = "UIInterfaceOrientationPortrait UIInterfaceOrientationLandscapeLeft UIInterfaceOrientationLandscapeRight";
				IPHONEOS_DEPLOYMENT_TARGET = 15.4;
				LD_RUNPATH_SEARCH_PATHS = (
					"$(inherited)",
					"@executable_path/Frameworks",
				);
				MARKETING_VERSION = 1.0;
				PRODUCT_BUNDLE_IDENTIFIER = com.hyunwoo.PicturePipette;
				PRODUCT_NAME = PicturePipette;
				SDKROOT = iphoneos;
				SWIFT_EMIT_LOC_STRINGS = YES;
				SWIFT_VERSION = 5.0;
				TARGETED_DEVICE_FAMILY = "1,2";
				VALIDATE_PRODUCT = YES;
			};
			name = Release;
		};
		FA70E47A281FD5FB0036587A /* Debug */ = {
			isa = XCBuildConfiguration;
			buildSettings = {
				ASSETCATALOG_COMPILER_APPICON_NAME = AppIcon;
				ASSETCATALOG_COMPILER_GLOBAL_ACCENT_COLOR_NAME = AccentColor;
				CODE_SIGN_ENTITLEMENTS = macOS/macOS.entitlements;
				CODE_SIGN_STYLE = Automatic;
				COMBINE_HIDPI_IMAGES = YES;
				CURRENT_PROJECT_VERSION = 1;
				ENABLE_PREVIEWS = YES;
				GENERATE_INFOPLIST_FILE = YES;
				INFOPLIST_KEY_NSHumanReadableCopyright = "";
				LD_RUNPATH_SEARCH_PATHS = (
					"$(inherited)",
					"@executable_path/../Frameworks",
				);
				MACOSX_DEPLOYMENT_TARGET = 12.3;
				MARKETING_VERSION = 1.0;
				PRODUCT_BUNDLE_IDENTIFIER = com.hyunwoo.PicturePipette;
				PRODUCT_NAME = PicturePipette;
				SDKROOT = macosx;
				SWIFT_EMIT_LOC_STRINGS = YES;
				SWIFT_VERSION = 5.0;
			};
			name = Debug;
		};
		FA70E47B281FD5FB0036587A /* Release */ = {
			isa = XCBuildConfiguration;
			buildSettings = {
				ASSETCATALOG_COMPILER_APPICON_NAME = AppIcon;
				ASSETCATALOG_COMPILER_GLOBAL_ACCENT_COLOR_NAME = AccentColor;
				CODE_SIGN_ENTITLEMENTS = macOS/macOS.entitlements;
				CODE_SIGN_STYLE = Automatic;
				COMBINE_HIDPI_IMAGES = YES;
				CURRENT_PROJECT_VERSION = 1;
				ENABLE_PREVIEWS = YES;
				GENERATE_INFOPLIST_FILE = YES;
				INFOPLIST_KEY_NSHumanReadableCopyright = "";
				LD_RUNPATH_SEARCH_PATHS = (
					"$(inherited)",
					"@executable_path/../Frameworks",
				);
				MACOSX_DEPLOYMENT_TARGET = 12.3;
				MARKETING_VERSION = 1.0;
				PRODUCT_BUNDLE_IDENTIFIER = com.hyunwoo.PicturePipette;
				PRODUCT_NAME = PicturePipette;
				SDKROOT = macosx;
				SWIFT_EMIT_LOC_STRINGS = YES;
				SWIFT_VERSION = 5.0;
			};
			name = Release;
		};
/* End XCBuildConfiguration section */

/* Begin XCConfigurationList section */
		FA70E455281FD5FA0036587A /* Build configuration list for PBXProject "PicturePipette" */ = {
			isa = XCConfigurationList;
			buildConfigurations = (
				FA70E474281FD5FB0036587A /* Debug */,
				FA70E475281FD5FB0036587A /* Release */,
			);
			defaultConfigurationIsVisible = 0;
			defaultConfigurationName = Release;
		};
		FA70E476281FD5FB0036587A /* Build configuration list for PBXNativeTarget "PicturePipette (iOS)" */ = {
			isa = XCConfigurationList;
			buildConfigurations = (
				FA70E477281FD5FB0036587A /* Debug */,
				FA70E478281FD5FB0036587A /* Release */,
			);
			defaultConfigurationIsVisible = 0;
			defaultConfigurationName = Release;
		};
		FA70E479281FD5FB0036587A /* Build configuration list for PBXNativeTarget "PicturePipette (macOS)" */ = {
			isa = XCConfigurationList;
			buildConfigurations = (
				FA70E47A281FD5FB0036587A /* Debug */,
				FA70E47B281FD5FB0036587A /* Release */,
			);
			defaultConfigurationIsVisible = 0;
			defaultConfigurationName = Release;
		};
/* End XCConfigurationList section */

/* Begin XCVersionGroup section */
		FA70E457281FD5FA0036587A /* PicturePipette.xcdatamodeld */ = {
			isa = XCVersionGroup;
			children = (
				FA70E458281FD5FA0036587A /* Shared.xcdatamodel */,
			);
			currentVersion = FA70E458281FD5FA0036587A /* Shared.xcdatamodel */;
			path = PicturePipette.xcdatamodeld;
			sourceTree = "<group>";
			versionGroupType = wrapper.xcdatamodel;
		};
/* End XCVersionGroup section */
	};
	rootObject = FA70E452281FD5FA0036587A /* Project object */;
}
